Microsoft Visual Studio Solution File, Format Version 12.00
# Visual Studio 15
VisualStudioVersion = 15.0.26124.0
MinimumVisualStudioVersion = 15.0.26124.0
Project("{9A19103F-16F7-4668-BE54-9A1E7A4F7556}") = "Intel.MklDnn.Interop", "src\Intel.MklDnn.Interop\Intel.MklDnn.Interop.csproj", "{FAE0ADA3-E8DE-45ED-81CB-931672EB9E7D}"
EndProject
Project("{9A19103F-16F7-4668-BE54-9A1E7A4F7556}") = "Intel.MklDnn.Interop.Tests", "tests\Intel.MklDnn.Interop.Tests\Intel.MklDnn.Interop.Tests.csproj", "{91D41E49-33AF-4E00-B37F-4460AA28CE12}"
EndProject
Project("{FAE04EC0-301F-11D3-BF4B-00C04F79EFBC}") = "Intel.CodeGen.MklDnn", "src\Intel.CodeGen.MklDnn\Intel.CodeGen.MklDnn.csproj", "{87711DFE-E87A-4466-BD1A-485F6EAD100E}"
EndProject
Project("{FAE04EC0-301F-11D3-BF4B-00C04F79EFBC}") = "Intel.CodeGen.MklDnn.Tests", "tests\Intel.CodeGen.MklDnn.Tests\Intel.CodeGen.MklDnn.Tests.csproj", "{FA68B2A0-E7AF-41B6-A3C1-9FADEAEAACC7}"
EndProject
Project("{2150E333-8FDC-42A3-9474-1A3956D46DE8}") = "headers", "headers", "{ECA183A9-27FF-43D2-9235-D77214DBD19D}"
	ProjectSection(SolutionItems) = preProject
		headers\mkldnn.h = headers\mkldnn.h
		headers\mkldnn_config.h = headers\mkldnn_config.h
		headers\mkldnn_debug.h = headers\mkldnn_debug.h
		headers\mkldnn_types.h = headers\mkldnn_types.h
		headers\mkldnn_version.h = headers\mkldnn_version.h
	EndProjectSection
EndProject
Project("{2150E333-8FDC-42A3-9474-1A3956D46DE8}") = "root", "root", "{366475B6-29CA-40D5-9512-679791B41D8A}"
	ProjectSection(SolutionItems) = preProject
		.gitattributes = .gitattributes
		.gitignore = .gitignore
		Directory.Build.props = Directory.Build.props
		README.md = README.md
		rename.ps1 = rename.ps1
	EndProjectSection
EndProject
Global
	GlobalSection(SolutionConfigurationPlatforms) = preSolution
		Debug|Any CPU = Debug|Any CPU
		Release|Any CPU = Release|Any CPU
	EndGlobalSection
	GlobalSection(ProjectConfigurationPlatforms) = postSolution
		{FAE0ADA3-E8DE-45ED-81CB-931672EB9E7D}.Debug|Any CPU.ActiveCfg = Debug|Any CPU
		{FAE0ADA3-E8DE-45ED-81CB-931672EB9E7D}.Debug|Any CPU.Build.0 = Debug|Any CPU
		{FAE0ADA3-E8DE-45ED-81CB-931672EB9E7D}.Release|Any CPU.ActiveCfg = Release|Any CPU
		{FAE0ADA3-E8DE-45ED-81CB-931672EB9E7D}.Release|Any CPU.Build.0 = Release|Any CPU
		{91D41E49-33AF-4E00-B37F-4460AA28CE12}.Debug|Any CPU.ActiveCfg = Debug|Any CPU
		{91D41E49-33AF-4E00-B37F-4460AA28CE12}.Debug|Any CPU.Build.0 = Debug|Any CPU
		{91D41E49-33AF-4E00-B37F-4460AA28CE12}.Release|Any CPU.ActiveCfg = Release|Any CPU
		{91D41E49-33AF-4E00-B37F-4460AA28CE12}.Release|Any CPU.Build.0 = Release|Any CPU
		{87711DFE-E87A-4466-BD1A-485F6EAD100E}.Debug|Any CPU.ActiveCfg = Debug|Any CPU
		{87711DFE-E87A-4466-BD1A-485F6EAD100E}.Debug|Any CPU.Build.0 = Debug|Any CPU
		{87711DFE-E87A-4466-BD1A-485F6EAD100E}.Release|Any CPU.ActiveCfg = Release|Any CPU
		{87711DFE-E87A-4466-BD1A-485F6EAD100E}.Release|Any CPU.Build.0 = Release|Any CPU
		{FA68B2A0-E7AF-41B6-A3C1-9FADEAEAACC7}.Debug|Any CPU.ActiveCfg = Debug|Any CPU
		{FA68B2A0-E7AF-41B6-A3C1-9FADEAEAACC7}.Debug|Any CPU.Build.0 = Debug|Any CPU
		{FA68B2A0-E7AF-41B6-A3C1-9FADEAEAACC7}.Release|Any CPU.ActiveCfg = Release|Any CPU
		{FA68B2A0-E7AF-41B6-A3C1-9FADEAEAACC7}.Release|Any CPU.Build.0 = Release|Any CPU
	EndGlobalSection
	GlobalSection(SolutionProperties) = preSolution
		HideSolutionNode = FALSE
	EndGlobalSection
	GlobalSection(ExtensibilityGlobals) = postSolution
		SolutionGuid = {2A7E269D-96A3-41A3-B105-80DEFE09DE99}
	EndGlobalSection
EndGlobal
